
Microsoft Visual Studio Solution File, Format Version 12.00
# Visual Studio Version 16
VisualStudioVersion = 16.0.30503.244
MinimumVisualStudioVersion = 10.0.40219.1
Project("{9A19103F-16F7-4668-BE54-9A1E7A4F7556}") = "MemTool", "MemTool\MemTool.csproj", "{C8FB9A22-C935-4FFE-9AC1-2518B833D6B4}"
EndProject
Project("{FAE04EC0-301F-11D3-BF4B-00C04F79EFBC}") = "HelloMemTool-eample", "HelloMemTool-eample\HelloMemTool-eample.csproj", "{AE5F0191-F70D-41A4-98AE-E93E55276551}"
EndProject
Global
	GlobalSection(SolutionConfigurationPlatforms) = preSolution
		Debug|Any CPU = Debug|Any CPU
		Release|Any CPU = Release|Any CPU
	EndGlobalSection
	GlobalSection(ProjectConfigurationPlatforms) = postSolution
		{C8FB9A22-C935-4FFE-9AC1-2518B833D6B4}.Debug|Any CPU.ActiveCfg = Debug|Any CPU
		{C8FB9A22-C935-4FFE-9AC1-2518B833D6B4}.Debug|Any CPU.Build.0 = Debug|Any CPU
		{C8FB9A22-C935-4FFE-9AC1-2518B833D6B4}.Release|Any CPU.ActiveCfg = Release|Any CPU
		{C8FB9A22-C935-4FFE-9AC1-2518B833D6B4}.Release|Any CPU.Build.0 = Release|Any CPU
		{AE5F0191-F70D-41A4-98AE-E93E55276551}.Debug|Any CPU.ActiveCfg = Debug|Any CPU
		{AE5F0191-F70D-41A4-98AE-E93E55276551}.Debug|Any CPU.Build.0 = Debug|Any CPU
		{AE5F0191-F70D-41A4-98AE-E93E55276551}.Release|Any CPU.ActiveCfg = Release|Any CPU
		{AE5F0191-F70D-41A4-98AE-E93E55276551}.Release|Any CPU.Build.0 = Release|Any CPU
	EndGlobalSection
	GlobalSection(SolutionProperties) = preSolution
		HideSolutionNode = FALSE
	EndGlobalSection
	GlobalSection(ExtensibilityGlobals) = postSolution
		SolutionGuid = {572A3D73-1C88-4C4E-A6F5-1C648CB45BF0}
	EndGlobalSection
EndGlobal
