
Microsoft Visual Studio Solution File, Format Version 12.00
# Visual Studio Version 16
VisualStudioVersion = 16.0.30503.244
MinimumVisualStudioVersion = 10.0.40219.1
Project("{9A19103F-16F7-4668-BE54-9A1E7A4F7556}") = "MemTool", "MemTool\MemTool.csproj", "{C8FB9A22-C935-4FFE-9AC1-2518B833D6B4}"
EndProject
Project("{9A19103F-16F7-4668-BE54-9A1E7A4F7556}") = "HelloMemTool-example", "HelloMemTool-example\HelloMemTool-example.csproj", "{3684FB68-CAD7-4B8B-9F71-1A82908B4847}"
EndProject
Global
	GlobalSection(SolutionConfigurationPlatforms) = preSolution
		Debug|Any CPU = Debug|Any CPU
		Release|Any CPU = Release|Any CPU
	EndGlobalSection
	GlobalSection(ProjectConfigurationPlatforms) = postSolution
		{C8FB9A22-C935-4FFE-9AC1-2518B833D6B4}.Debug|Any CPU.ActiveCfg = Debug|Any CPU
		{C8FB9A22-C935-4FFE-9AC1-2518B833D6B4}.Debug|Any CPU.Build.0 = Debug|Any CPU
		{C8FB9A22-C935-4FFE-9AC1-2518B833D6B4}.Release|Any CPU.ActiveCfg = Release|Any CPU
		{C8FB9A22-C935-4FFE-9AC1-2518B833D6B4}.Release|Any CPU.Build.0 = Release|Any CPU
		{3684FB68-CAD7-4B8B-9F71-1A82908B4847}.Debug|Any CPU.ActiveCfg = Debug|Any CPU
		{3684FB68-CAD7-4B8B-9F71-1A82908B4847}.Debug|Any CPU.Build.0 = Debug|Any CPU
		{3684FB68-CAD7-4B8B-9F71-1A82908B4847}.Release|Any CPU.ActiveCfg = Release|Any CPU
		{3684FB68-CAD7-4B8B-9F71-1A82908B4847}.Release|Any CPU.Build.0 = Release|Any CPU
	EndGlobalSection
	GlobalSection(SolutionProperties) = preSolution
		HideSolutionNode = FALSE
	EndGlobalSection
	GlobalSection(ExtensibilityGlobals) = postSolution
		SolutionGuid = {572A3D73-1C88-4C4E-A6F5-1C648CB45BF0}
	EndGlobalSection
EndGlobal
